Microsoft Visual Studio Solution File, Format Version 11.00
# Visual Studio 2008

Project("{453C48DD-BA37-8BBE-C7D0-BCBEB567B430}") = "LudumDare33", "Assembly-CSharp-firstpass-vs.csproj", "{4E26761A-68B3-AD46-DB0E-1DAAF6CA943E}"
EndProject
Project("{453C48DD-BA37-8BBE-C7D0-BCBEB567B430}") = "LudumDare33", "Assembly-CSharp-vs.csproj", "{493573FD-4148-D5EC-EF69-24B0D2F0639A}"
EndProject
Project("{453C48DD-BA37-8BBE-C7D0-BCBEB567B430}") = "LudumDare33", "Assembly-CSharp-Editor-vs.csproj", "{6E134A2A-01ED-6A69-0946-867B9D38EE14}"
EndProject
Global
	GlobalSection(SolutionConfigurationPlatforms) = preSolution
		Debug|Any CPU = Debug|Any CPU
		Release|Any CPU = Release|Any CPU
	EndGlobalSection
	GlobalSection(ProjectConfigurationPlatforms) = postSolution
		{4E26761A-68B3-AD46-DB0E-1DAAF6CA943E}.Debug|Any CPU.ActiveCfg = Debug|Any CPU
		{4E26761A-68B3-AD46-DB0E-1DAAF6CA943E}.Debug|Any CPU.Build.0 = Debug|Any CPU
		{4E26761A-68B3-AD46-DB0E-1DAAF6CA943E}.Release|Any CPU.ActiveCfg = Release|Any CPU
		{4E26761A-68B3-AD46-DB0E-1DAAF6CA943E}.Release|Any CPU.Build.0 = Release|Any CPU
		{493573FD-4148-D5EC-EF69-24B0D2F0639A}.Debug|Any CPU.ActiveCfg = Debug|Any CPU
		{493573FD-4148-D5EC-EF69-24B0D2F0639A}.Debug|Any CPU.Build.0 = Debug|Any CPU
		{493573FD-4148-D5EC-EF69-24B0D2F0639A}.Release|Any CPU.ActiveCfg = Release|Any CPU
		{493573FD-4148-D5EC-EF69-24B0D2F0639A}.Release|Any CPU.Build.0 = Release|Any CPU
		{6E134A2A-01ED-6A69-0946-867B9D38EE14}.Debug|Any CPU.ActiveCfg = Debug|Any CPU
		{6E134A2A-01ED-6A69-0946-867B9D38EE14}.Debug|Any CPU.Build.0 = Debug|Any CPU
		{6E134A2A-01ED-6A69-0946-867B9D38EE14}.Release|Any CPU.ActiveCfg = Release|Any CPU
		{6E134A2A-01ED-6A69-0946-867B9D38EE14}.Release|Any CPU.Build.0 = Release|Any CPU
	EndGlobalSection
	GlobalSection(SolutionProperties) = preSolution
		HideSolutionNode = FALSE
	EndGlobalSection
																																																																								GlobalSection(MonoDevelopProperties) = preSolution
=======
<<<<<<< HEAD
																																																																					GlobalSection(MonoDevelopProperties) = preSolution
=======
<<<<<<< HEAD
																																																													GlobalSection(MonoDevelopProperties) = preSolution
=======
<<<<<<< HEAD
																																																																				GlobalSection(MonoDevelopProperties) = preSolution
>>>>>>> c70178c6438d98a84000dec5c5afe01ed7e3a137
>>>>>>> 9b87f9c93f85666d435e3b20c261d72742d2c408
=======
																																																												GlobalSection(MonoDevelopProperties) = preSolution
>>>>>>> 216450eaee1eced28635b2e4518b87748535e757
>>>>>>> fa96a298837f7a7894de4b4c2d3924e7f54fb5e0
=======
>>>>>>> f3b7bdd617f2daa69a7bf93c93d87a6766cc34c3
																																																	GlobalSection(MonoDevelopProperties) = preSolution
=======
																																															GlobalSection(MonoDevelopProperties) = preSolution
>>>>>>> 72b34bba058c40af6a36b37a838a3198b04b60ad
=======
																																														GlobalSection(MonoDevelopProperties) = preSolution
>>>>>>> 051160acba6293865d108518c7ba936fbfad15a5
>>>>>>> f955620b6c921a0e5aaba39325a399fc5dc8bb4d
=======
<<<<<<< HEAD
																																			GlobalSection(MonoDevelopProperties) = preSolution
=======
																																									GlobalSection(MonoDevelopProperties) = preSolution
=======
																																								GlobalSection(MonoDevelopProperties) = preSolution
>>>>>>> 39ebbaa281153ebd5397a64aaaacba6ef0c3abf8
=======
																															GlobalSection(MonoDevelopProperties) = preSolution
>>>>>>> 1e3dd63bd792daef1a7a3a99a23d8f32a8d5c4e0
>>>>>>> d3c67abb746a9c53f442e99973138d25acf2746b
=======
																														GlobalSection(MonoDevelopProperties) = preSolution
>>>>>>> 82437924b5573b66857f5d0b2afad32c138b9f18
=======
																																	GlobalSection(MonoDevelopProperties) = preSolution
>>>>>>> 754544bdc401a10cfae23c67a5c1eefcf2ff5d5d
=======
																																			GlobalSection(MonoDevelopProperties) = preSolution
>>>>>>> 168f2a06f5397b34b268fb2fffdfcf962822f3e9
>>>>>>> 26214756eee581834f83fe92483244dffb1089b2
=======
																		GlobalSection(MonoDevelopProperties) = preSolution
>>>>>>> 41d6746eebb22ea92a501c61c91eceb5179989e1
		StartupItem = Assembly-CSharp.csproj
		Policies = $0
		$0.TextStylePolicy = $1
		$1.inheritsSet = null
		$1.scope = text/x-csharp
		$0.CSharpFormattingPolicy = $2
		$2.inheritsSet = Mono
		$2.inheritsScope = text/x-csharp
		$2.scope = text/x-csharp
		$0.TextStylePolicy = $3
		$3.FileWidth = 120
		$3.TabWidth = 4
		$3.IndentWidth = 4
		$3.EolMarker = Unix
		$3.inheritsSet = Mono
		$3.inheritsScope = text/plain
		$3.scope = text/plain
	EndGlobalSection

EndGlobal
